
Microsoft Visual Studio Solution File, Format Version 12.00
# Visual Studio Version 17
VisualStudioVersion = 17.0.31903.59
MinimumVisualStudioVersion = 10.0.40219.1
Project("{FAE04EC0-301F-11D3-BF4B-00C04F79EFBC}") = "HotelBuilder.API", "HotelBuilder.API\HotelBuilder.API.csproj", "{E5A582FE-2ABA-4F7E-A12C-7D2808EFC5E7}"
EndProject
Project("{FAE04EC0-301F-11D3-BF4B-00C04F79EFBC}") = "HotelBuilder.Application", "HotelBuilder.Application\HotelBuilder.Application.csproj", "{5E71EE49-9795-45C7-8F72-54CD2AC28F86}"
EndProject
Project("{FAE04EC0-301F-11D3-BF4B-00C04F79EFBC}") = "HotelBuilder.Domain", "HotelBuilder.Domain\HotelBuilder.Domain.csproj", "{E1F11276-B729-40A3-8220-9E68A326193D}"
EndProject
Project("{FAE04EC0-301F-11D3-BF4B-00C04F79EFBC}") = "HotelBuilder.Infrastructure", "HotelBuilder.Infrastructure\HotelBuilder.Infrastructure.csproj", "{2AF33E79-FA6B-413F-95C1-BFB318BD9F2E}"
EndProject
Project("{FAE04EC0-301F-11D3-BF4B-00C04F79EFBC}") = "HotelBuilder.Shared", "HotelBuilder.Shared\HotelBuilder.Shared.csproj", "{AB71F427-8C6A-40DC-A666-C9D5C7432905}"
EndProject
Global
	GlobalSection(SolutionConfigurationPlatforms) = preSolution
		Debug|Any CPU = Debug|Any CPU
		Release|Any CPU = Release|Any CPU
	EndGlobalSection
	GlobalSection(SolutionProperties) = preSolution
		HideSolutionNode = FALSE
	EndGlobalSection
	GlobalSection(ProjectConfigurationPlatforms) = postSolution
		{E5A582FE-2ABA-4F7E-A12C-7D2808EFC5E7}.Debug|Any CPU.ActiveCfg = Debug|Any CPU
		{E5A582FE-2ABA-4F7E-A12C-7D2808EFC5E7}.Debug|Any CPU.Build.0 = Debug|Any CPU
		{E5A582FE-2ABA-4F7E-A12C-7D2808EFC5E7}.Release|Any CPU.ActiveCfg = Release|Any CPU
		{E5A582FE-2ABA-4F7E-A12C-7D2808EFC5E7}.Release|Any CPU.Build.0 = Release|Any CPU
		{5E71EE49-9795-45C7-8F72-54CD2AC28F86}.Debug|Any CPU.ActiveCfg = Debug|Any CPU
		{5E71EE49-9795-45C7-8F72-54CD2AC28F86}.Debug|Any CPU.Build.0 = Debug|Any CPU
		{5E71EE49-9795-45C7-8F72-54CD2AC28F86}.Release|Any CPU.ActiveCfg = Release|Any CPU
		{5E71EE49-9795-45C7-8F72-54CD2AC28F86}.Release|Any CPU.Build.0 = Release|Any CPU
		{E1F11276-B729-40A3-8220-9E68A326193D}.Debug|Any CPU.ActiveCfg = Debug|Any CPU
		{E1F11276-B729-40A3-8220-9E68A326193D}.Debug|Any CPU.Build.0 = Debug|Any CPU
		{E1F11276-B729-40A3-8220-9E68A326193D}.Release|Any CPU.ActiveCfg = Release|Any CPU
		{E1F11276-B729-40A3-8220-9E68A326193D}.Release|Any CPU.Build.0 = Release|Any CPU
		{2AF33E79-FA6B-413F-95C1-BFB318BD9F2E}.Debug|Any CPU.ActiveCfg = Debug|Any CPU
		{2AF33E79-FA6B-413F-95C1-BFB318BD9F2E}.Debug|Any CPU.Build.0 = Debug|Any CPU
		{2AF33E79-FA6B-413F-95C1-BFB318BD9F2E}.Release|Any CPU.ActiveCfg = Release|Any CPU
		{2AF33E79-FA6B-413F-95C1-BFB318BD9F2E}.Release|Any CPU.Build.0 = Release|Any CPU
		{AB71F427-8C6A-40DC-A666-C9D5C7432905}.Debug|Any CPU.ActiveCfg = Debug|Any CPU
		{AB71F427-8C6A-40DC-A666-C9D5C7432905}.Debug|Any CPU.Build.0 = Debug|Any CPU
		{AB71F427-8C6A-40DC-A666-C9D5C7432905}.Release|Any CPU.ActiveCfg = Release|Any CPU
		{AB71F427-8C6A-40DC-A666-C9D5C7432905}.Release|Any CPU.Build.0 = Release|Any CPU
	EndGlobalSection
EndGlobal
